
Microsoft Visual Studio Solution File, Format Version 12.00
# Visual Studio Version 16
VisualStudioVersion = 16.0.30406.217
MinimumVisualStudioVersion = 10.0.40219.1
Project("{FAE04EC0-301F-11D3-BF4B-00C04F79EFBC}") = "AdoNetPro", "AdoNetPro\AdoNetPro.csproj", "{2385905F-0FA3-4C04-A78B-645A31565C08}"
EndProject
Global
	GlobalSection(SolutionConfigurationPlatforms) = preSolution
		Debug|Any CPU = Debug|Any CPU
		Release|Any CPU = Release|Any CPU
	EndGlobalSection
	GlobalSection(ProjectConfigurationPlatforms) = postSolution
		{2385905F-0FA3-4C04-A78B-645A31565C08}.Debug|Any CPU.ActiveCfg = Debug|Any CPU
		{2385905F-0FA3-4C04-A78B-645A31565C08}.Debug|Any CPU.Build.0 = Debug|Any CPU
		{2385905F-0FA3-4C04-A78B-645A31565C08}.Release|Any CPU.ActiveCfg = Release|Any CPU
		{2385905F-0FA3-4C04-A78B-645A31565C08}.Release|Any CPU.Build.0 = Release|Any CPU
	EndGlobalSection
	GlobalSection(SolutionProperties) = preSolution
		HideSolutionNode = FALSE
	EndGlobalSection
	GlobalSection(ExtensibilityGlobals) = postSolution
		SolutionGuid = {9C6EAA6F-E9B4-48F4-96F2-5028692C2DED}
	EndGlobalSection
EndGlobal
